
Microsoft Visual Studio Solution File, Format Version 12.00
# Visual Studio Version 16
VisualStudioVersion = 16.0.28407.52
MinimumVisualStudioVersion = 10.0.40219.1
Project("{FAE04EC0-301F-11D3-BF4B-00C04F79EFBC}") = "CollapseLevel", "CollapseLevel\CollapseLevel.csproj", "{0FA932B1-A271-49E5-9906-15D098940C31}"
EndProject
Global
	GlobalSection(SolutionConfigurationPlatforms) = preSolution
		AppVeyor|Any CPU = AppVeyor|Any CPU
		Debug|Any CPU = Debug|Any CPU
		Release|Any CPU = Release|Any CPU
	EndGlobalSection
	GlobalSection(ProjectConfigurationPlatforms) = postSolution
		{0FA932B1-A271-49E5-9906-15D098940C31}.AppVeyor|Any CPU.ActiveCfg = AppVeyor|Any CPU
		{0FA932B1-A271-49E5-9906-15D098940C31}.AppVeyor|Any CPU.Build.0 = AppVeyor|Any CPU
		{0FA932B1-A271-49E5-9906-15D098940C31}.Debug|Any CPU.ActiveCfg = Debug|Any CPU
		{0FA932B1-A271-49E5-9906-15D098940C31}.Debug|Any CPU.Build.0 = Debug|Any CPU
		{0FA932B1-A271-49E5-9906-15D098940C31}.Release|Any CPU.ActiveCfg = Release|Any CPU
		{0FA932B1-A271-49E5-9906-15D098940C31}.Release|Any CPU.Build.0 = Release|Any CPU
	EndGlobalSection
	GlobalSection(SolutionProperties) = preSolution
		HideSolutionNode = FALSE
	EndGlobalSection
	GlobalSection(ExtensibilityGlobals) = postSolution
		SolutionGuid = {95ABEC30-C83D-4A41-98E4-863956449BD7}
	EndGlobalSection
EndGlobal
